
Microsoft Visual Studio Solution File, Format Version 12.00
# Visual Studio Version 17
VisualStudioVersion = 17.8.34330.188
MinimumVisualStudioVersion = 10.0.40219.1
Project("{FAE04EC0-301F-11D3-BF4B-00C04F79EFBC}") = "ECS_Tankz_1", "ECS_Tankz_1\ECS_Tankz_1.csproj", "{687EDB19-B1DB-4F3A-8F04-4EE1F5BC274C}"
EndProject
Global
	GlobalSection(SolutionConfigurationPlatforms) = preSolution
		Debug|Any CPU = Debug|Any CPU
		Release|Any CPU = Release|Any CPU
	EndGlobalSection
	GlobalSection(ProjectConfigurationPlatforms) = postSolution
		{687EDB19-B1DB-4F3A-8F04-4EE1F5BC274C}.Debug|Any CPU.ActiveCfg = Debug|Any CPU
		{687EDB19-B1DB-4F3A-8F04-4EE1F5BC274C}.Debug|Any CPU.Build.0 = Debug|Any CPU
		{687EDB19-B1DB-4F3A-8F04-4EE1F5BC274C}.Release|Any CPU.ActiveCfg = Release|Any CPU
		{687EDB19-B1DB-4F3A-8F04-4EE1F5BC274C}.Release|Any CPU.Build.0 = Release|Any CPU
	EndGlobalSection
	GlobalSection(SolutionProperties) = preSolution
		HideSolutionNode = FALSE
	EndGlobalSection
	GlobalSection(ExtensibilityGlobals) = postSolution
		SolutionGuid = {83259644-1E5B-4F13-B12F-8723657EF77E}
	EndGlobalSection
EndGlobal
